#
# This file is autogenerated by pip-compile
# To update, run: pip-compile requirements.in
#
certifi==2024.2.2 \
    --hash=sha256:ff3c0734b0a47654baadd57a7d6abbc0a3a4add2a3d2ebcdbfa9832c7cd9a8c2 \
    --hash=sha256:bff1565cb094c36c54569983f91cc8b015f5fcc4bc5166cd824377a43ed1dffe
    # via -r requirements.txt
charset-normalizer==3.3.2 \
    --hash=sha256:6cf30ae3f38a42110155808a8a16e63da1db8b4eddc62d9927dd53afffef5d06 \
    --hash=sha256:6febefbf96c8ff48471705ba4252ed9460bf00a95f4461075b865b1eb46fbf6f
    # via -r requirements.txt
click==8.1.7 \
    --hash=sha256:d6d3a20a1339918b86c768a8513c0492cef271f231ad0bd6426b4359ec0f67fd \
    --hash=sha256:5c8fbb03d6e7ccca4068fa05ab50c5f97c916fd8bf53b2e21666bb93c0ef2ca8
    # via -r requirements.txt
colorama==0.4.6 \
    --hash=sha256:a279647b28644ffbe817b320b0e3a7455959f206f65ca0b4745d0610c57fa7ef \
    --hash=sha256:0d5a563125123a5cb66805e73c23e0547a4dfff37a416470d25cb1ad463f0a47
    # via -r requirements.txt
cryptography==42.0.5 \
    --hash=sha256:5be60c2ea9b10b2bae4834915dd4824b72165e70a5b85c8246b384a9e9b65713 \
    --hash=sha256:8b22ab152ecb4c55281d23bef07a76129df8eb0fa6c204b5de0b1e69342f32cc
    # via -r requirements.txt
distlib==0.3.8 \
    --hash=sha256:52004ac50c48a2c7d44cd8d94e0c71f7b2dbcafc2dca5c40af8d1dd4f9b8d967 \
    --hash=sha256:9a2d52f900ff96f86f19d153c6eb8d49410786c99d9ce838a387301d0da82438
    # via -r requirements.txt
filelock==3.13.1 \
    --hash=sha256:0c8efa59899725fd6756ee8d930ae46ad0a74a000e2544b334816cb339338a0a \
    --hash=sha256:6632c21e4111c7891827c298033144fbfa070522f6e59ea552b00872c22e71ae
    # via -r requirements.txt
flask==3.0.2 \
    --hash=sha256:6a8a40213b7a1b0b2697afc88524d8873c3031c014019c540e9508840f7e8db8 \
    --hash=sha256:5ab9bd4515e4abd3ff1b3c1f416655ca7b5896453b74f871b2e2be8e4307b8f5
    # via -r requirements.txt
greenlet==3.0.3 \
    --hash=sha256:258d75acd6865c4df4d65e68b42ef722f61c12b5aeef68e37e5a24f1ab1c4f0a \
    --hash=sha256:734a9d95e1674c5ad199b65f11d52109ff823aac6f3f60087fc565603ce8d78e
    # via -r requirements.txt
idna==3.6 \
    --hash=sha256:2db8f4d7ec1930e26bbbdfe7072ff2bad0031a4fa4a7e2926a2f3e8e662bc8d4 \
    --hash=sha256:97c4cd3913068cecab1beae74cfe31c4d4e1c4764beca820cd208742d4d4db7f
    # via -r requirements.txt
itsdangerous==2.1.2 \
    --hash=sha256:1ef5b95ddd4e4645af97ac3ef6f23b0543eef038a399242fa88b87c8935fbaba \
    --hash=sha256:b9424d1f39ad09e39ff8b065b1848bcf687e1f9aa77b902e94bd6b7b03e3f5fe
    # via -r requirements.txt
jinja2==3.1.3 \
    --hash=sha256:6e16223bda5c96bf69064239e2f95065374fd99c08c3bf36e65b20a3d5b130cc \
    --hash=sha256:d71451fa5cb896343ef058022ca965bb943ab8f631cf8b31f57ba0adbbe01e85
    # via -r requirements.txt
markupsafe==2.1.5 \
    --hash=sha256:fa5c029a02859a49f9edc53ac5908fd5979a2f6af9ea3319810ed9218727d78f \
    --hash=sha256:ec3ecf33094bad73186ea20d020f583e7f8765a4308a2a95102582f3153d9747
    # via -r requirements.txt
packaging==24.0 \
    --hash=sha256:eb702e3a1b3d01767e19f2f9b017fc8d9f1f504ffb49ee8bee1d00b08659a6ed \
    --hash=sha256:de74f83385883fc68ddd0a0fc010b9006461914cdfbbbf8c86db8a52bb19ed56
    # via -r requirements.txt
platformdirs==4.2.0 \
    --hash=sha256:987dff910a73e6d3b101d4cb9f6a994be532bedf10d2eb9110457ee2ee8b1020 \
    --hash=sha256:6dfb074987eb4cd66389e64cf4b894cf86c58b704c21dc9dc20ae4a4faa5fc06
    # via -r requirements.txt
pluggy==1.4.0 \
    --hash=sha256:faf659a3620716d091c78a99529224a5172470065fe3ec0a19154f7160dd7616 \
    --hash=sha256:90fdc498b053a48dfc356f175eda65062fa814431ab8af02e7ee11b8aed48d09
    # via -r requirements.txt
psutil==5.9.8 \
    --hash=sha256:cdc8ad2b279fe5ea4e9d23a22724e3cfe47da2bed2dde954afe772b844922a98 \
    --hash=sha256:9243c1ae1f78421344189b153151e26d4db910f21f04f19274a022b781826ec9
    # via -r requirements.txt
pycparser==2.21 \
    --hash=sha256:535d0d58e4438f2dd9f0ccd196b6fd20b69ca458a9ffeee7ec8d3e1e829cd933 \
    --hash=sha256:f7d82bf5bba743a8c70f2bad82b6af5d310ebd0dfc0b3b2512a51fdc7345363d
    # via -r requirements.txt
pyparsing==3.1.2 \
    --hash=sha256:f176b12fa5db4b13278dae09ec0debb0af1b21ecd8dce6e57443d91871fd69c0 \
    --hash=sha256:f344be700851a17bb97cc4794cdecb6a6928ac8d0008f66dd86e753abeb00ee6
    # via -r requirements.txt
pytest==8.1.1 \
    --hash=sha256:4f32d3958703ee871ee5d4fea297e43ff7ffa535e212a422101a601cbe6091df \
    --hash=sha256:cd34b06e14a687974d5a206ee9a1d793098e69e4956756add9ef0accd31e9f48
    # via -r requirements.txt
pytz==2024.1 \
    --hash=sha256:fbb7501ecf51d887f1cd120c60d603b5aea2a868e3fa1a4f6ca53950d1c4c3ea \
    --hash=sha256:01efe177454ccece19872b16db911226b3c3051613b37f7316bdef8482063c89
    # via -r requirements.txt
pyyaml==6.0.1 \
    --hash=sha256:b19928b9034279031f34a1785881324a33ae2b0bd1d8159bd46ff5dca606af07 \
    --hash=sha256:8d90ded0ae59dab2a2e88b52c03ee88c7706fa0a59422be49ca58d324f7b31ab
    # via -r requirements.txt
requests==2.32.3 \
    --hash=sha256:e9d7eda00dde5f9edb488f2bf7923303aef99acdce42ddfca98e9ec5ef93b1e4 \
    --hash=sha256:38f985734a01d9766d585d96e55670cf792e02070ebbf40a4d2c979562777192
    # via -r requirements.txt (bumped)
setuptools==69.2.0 \
    --hash=sha256:dc5b905358a61a242b9ff235be95ba69fd98edcd8019dd37e3da818df104700c \
    --hash=sha256:1997bf05ad7ad8f1e999a654ecf8ab1d8a1079e5b7bf20a0b47f2fb642d2d17e
    # via -r requirements.txt
six==1.16.0 \
    --hash=sha256:69cf7d38dfada6379a2fdab101a4e0ebbeb2566a7ace6d6a6fd20ff124bb4ac0 \
    --hash=sha256:367968cb891b0fe5327e23261fa565456e34df5306ac58f90768f4409b7876a1
    # via -r requirements.txt
tomli==2.0.1 \
    --hash=sha256:2feb56dfe05fd4542500c484088c39bb7b71cdfc13e611f0c35952eff40db68a \
    --hash=sha256:a1f6f1bd5e5225bf1fd4c8b5a908a163c498614606bc074d6c09893994228c24
    # via -r requirements.txt
typing-extensions==4.10.0 \
    --hash=sha256:50f67eb0399c41cb8d376ef325702f3f9a5095083753be287eb5071f2c7a4947 \
    --hash=sha256:ddefb72374390778d7af2287205255ff40307ed8c0d5caa47517e163c6cdd34a
    # via -r requirements.txt
tzdata==2024.1 \
    --hash=sha256:302d6f05eb7d17b5961223834292ea829b08b2451fd50e4b73a51433286953ed \
    --hash=sha256:d339254afc78c4f82c3bed4e82a3d666cf6f0d5c754482c60e45b65697053a1f
    # via -r requirements.txt
urllib3==2.2.1 \
    --hash=sha256:f1afccedfe1506ac81d0e0563f2131ba9481ac879a8cbef9c7856fd67ad68111 \
    --hash=sha256:81c52240387973ed1aea2f31c1351796507b92df837e70eb81ba61428cce270d
    # via -r requirements.txt
werkzeug==3.0.1 \
    --hash=sha256:5db1934b1d606ca60bfe9952fece522cca3d8d913866b0dc0fba0cbbaefaf238 \
    --hash=sha256:707e9675ae1631eeeb4c41731f9b1a70a35b885a91dc55e09ab087893b320f5b
    # via -r requirements.txt
wheel==0.43.0 \
    --hash=sha256:05695a48042fd844abdbd0cfba96659d15d26bc9cf81172a49913ed6af11f8e7 \
    --hash=sha256:18a2bf3bf4391f17c3e2096845adaac6ad55c5f3460af8c6543209e520531b26
    # via -r requirements.txt
